version: v2
locks:
  f/ae/accept: 28febddb9c67fa0a0b69df7f53e6526df31f3a452971cb604dcb45c489835d57
  f/ae/cancel: 46201dd5d16fa4c6031848ebcfb84dbf3080795bc69e20ae48e188bc1f319167
  f/ae/example: 441efe9c69e3305beac166f3cfaa4f1dbc42cd255d9327d91458bdeb54c09c99
  f/ae/fallback: f5fb13efad6061ed68ffd77cf892510d0542799910581e0a14a544d835ba6443
  f/ae/health_check: 9d5342067292c46560c6fc4f09310f21f68b90e5c7c64481d6e854bf7118612a
  f/ae/retry_publish: 4b79d50e576baa07379bbe1e15398b9a4282864c1c0cfec27e606da61e4913f1
  f/ae/submit: 1adcb87b08ef4e91222b982f91f52c629199c6389f313a36a3eb81863eafa854
  f/ae/tick: 28f464863e945524bee563c38f33e2e5ecaa1984689b48904a3876b5907b11bf
  f/ae/waive_review: fe2fdb9dc6f49c64e52a433ae4ebad7f662449b829c8b40f0e8b4987eead03b2
  f/ae/weekly_summary: 962e4ed6717f6280e90f3602d5590be056dfeb1e2e4a578a331bc98fb7c10b76
