version: v2
locks:
  f/ae/accept: 7fc2103b30380d2fb1588f83b74c819dfd37e0d7b5d3e45404c0a3bb5c48f7a8
  f/ae/cancel: b1b8972ad561e90b6f45341614ae96682e0fe06305dbadcfa130aef4d4a306a5
  f/ae/example: 441efe9c69e3305beac166f3cfaa4f1dbc42cd255d9327d91458bdeb54c09c99
  f/ae/fallback: f71a54ceda343dffc31f852423d13087aa77dc32b7256e5c045a693fd8497690
  f/ae/health_check: ef7a9d56ff04c3831ed679fd73586206f71328beffbe10a006094bd0dc2a86a3
  f/ae/submit: 21e33d13341fe89697f5b9bb3670a07d75bc519932273d73e5f263e85ee39074
  f/ae/tick: 936a6f762a6b8d76d3a125dc1f6309ca0dd42e83512f25f3fd9cc506ad53b218
  f/ae/waive_review: 30937bb6882bd2660314620a3bd5e36fecb89fdc0dccd683926b2eac3c5155ef
  f/ae/weekly_summary: 10943e9b70b1651c85e1881ab5eff182d7991791248481078bc40ce93c673128
